// !$*UTF8*$!
{
	archiveVersion = 1;
	classes = {
	};
	objectVersion = 46;
	objects = {

/* Begin PBXBuildFile section */
		2416999A1EE8F5E000BA1212 /* AppDelegate.swift in Sources */ = {isa = PBXBuildFile; fileRef = 241699991EE8F5E000BA1212 /* AppDelegate.swift */; };
		2416999C1EE8F5E000BA1212 /* ViewController.swift in Sources */ = {isa = PBXBuildFile; fileRef = 2416999B1EE8F5E000BA1212 /* ViewController.swift */; };
		2416999E1EE8F5E000BA1212 /* Assets.xcassets in Resources */ = {isa = PBXBuildFile; fileRef = 2416999D1EE8F5E000BA1212 /* Assets.xcassets */; };
		241699A11EE8F5E000BA1212 /* Main.storyboard in Resources */ = {isa = PBXBuildFile; fileRef = 2416999F1EE8F5E000BA1212 /* Main.storyboard */; };
/* End PBXBuildFile section */

/* Begin PBXFileReference section */
		241699961EE8F5E000BA1212 /* Spotify Notification.app */ = {isa = PBXFileReference; explicitFileType = wrapper.application; includeInIndex = 0; path = "Spotify Notification.app"; sourceTree = BUILT_PRODUCTS_DIR; };
		241699991EE8F5E000BA1212 /* AppDelegate.swift */ = {isa = PBXFileReference; lastKnownFileType = sourcecode.swift; path = AppDelegate.swift; sourceTree = "<group>"; };
		2416999B1EE8F5E000BA1212 /* ViewController.swift */ = {isa = PBXFileReference; lastKnownFileType = sourcecode.swift; path = ViewController.swift; sourceTree = "<group>"; };
		2416999D1EE8F5E000BA1212 /* Assets.xcassets */ = {isa = PBXFileReference; lastKnownFileType = folder.assetcatalog; path = Assets.xcassets; sourceTree = "<group>"; };
		241699A01EE8F5E000BA1212 /* Base */ = {isa = PBXFileReference; lastKnownFileType = file.storyboard; name = Base; path = Base.lproj/Main.storyboard; sourceTree = "<group>"; };
		241699A21EE8F5E000BA1212 /* Info.plist */ = {isa = PBXFileReference; lastKnownFileType = text.plist.xml; path = Info.plist; sourceTree = "<group>"; };
/* End PBXFileReference section */

/* Begin PBXFrameworksBuildPhase section */
		241699931EE8F5E000BA1212 /* Frameworks */ = {
			isa = PBXFrameworksBuildPhase;
			buildActionMask = 2147483647;
			files = (
			);
			runOnlyForDeploymentPostprocessing = 0;
		};
/* End PBXFrameworksBuildPhase section */

/* Begin PBXGroup section */
		2416998D1EE8F5E000BA1212 = {
			isa = PBXGroup;
			children = (
				241699981EE8F5E000BA1212 /* Spotify Notification */,
				241699971EE8F5E000BA1212 /* Products */,
			);
			sourceTree = "<group>";
		};
		241699971EE8F5E000BA1212 /* Products */ = {
			isa = PBXGroup;
			children = (
				241699961EE8F5E000BA1212 /* Spotify Notification.app */,
			);
			name = Products;
			sourceTree = "<group>";
		};
		241699981EE8F5E000BA1212 /* Spotify Notification */ = {
			isa = PBXGroup;
			children = (
				241699991EE8F5E000BA1212 /* AppDelegate.swift */,
				2416999B1EE8F5E000BA1212 /* ViewController.swift */,
				2416999D1EE8F5E000BA1212 /* Assets.xcassets */,
				2416999F1EE8F5E000BA1212 /* Main.storyboard */,
				241699A21EE8F5E000BA1212 /* Info.plist */,
			);
			path = "Spotify Notification";
			sourceTree = "<group>";
		};
/* End PBXGroup section */

/* Begin PBXNativeTarget section */
		241699951EE8F5E000BA1212 /* Spotify Notification */ = {
			isa = PBXNativeTarget;
			buildConfigurationList = 241699A51EE8F5E000BA1212 /* Build configuration list for PBXNativeTarget "Spotify Notification" */;
			buildPhases = (
				241699921EE8F5E000BA1212 /* Sources */,
				241699931EE8F5E000BA1212 /* Frameworks */,
				241699941EE8F5E000BA1212 /* Resources */,
			);
			buildRules = (
			);
			dependencies = (
			);
			name = "Spotify Notification";
			productName = "Spotify Notification";
			productReference = 241699961EE8F5E000BA1212 /* Spotify Notification.app */;
			productType = "com.apple.product-type.application";
		};
/* End PBXNativeTarget section */

/* Begin PBXProject section */
		2416998E1EE8F5E000BA1212 /* Project object */ = {
			isa = PBXProject;
			attributes = {
				LastSwiftUpdateCheck = 0830;
				LastUpgradeCheck = 0830;
				ORGANIZATIONNAME = Timm;
				TargetAttributes = {
					241699951EE8F5E000BA1212 = {
						CreatedOnToolsVersion = 8.3.2;
						DevelopmentTeam = 9SBQB28QCU;
						ProvisioningStyle = Automatic;
					};
				};
			};
			buildConfigurationList = 241699911EE8F5E000BA1212 /* Build configuration list for PBXProject "Spotify Notification" */;
			compatibilityVersion = "Xcode 3.2";
			developmentRegion = English;
			hasScannedForEncodings = 0;
			knownRegions = (
				en,
				Base,
			);
			mainGroup = 2416998D1EE8F5E000BA1212;
			productRefGroup = 241699971EE8F5E000BA1212 /* Products */;
			projectDirPath = "";
			projectRoot = "";
			targets = (
				241699951EE8F5E000BA1212 /* Spotify Notification */,
			);
		};
/* End PBXProject section */

/* Begin PBXResourcesBuildPhase section */
		241699941EE8F5E000BA1212 /* Resources */ = {
			isa = PBXResourcesBuildPhase;
			buildActionMask = 2147483647;
			files = (
				2416999E1EE8F5E000BA1212 /* Assets.xcassets in Resources */,
				241699A11EE8F5E000BA1212 /* Main.storyboard in Resources */,
			);
			runOnlyForDeploymentPostprocessing = 0;
		};
/* End PBXResourcesBuildPhase section */

/* Begin PBXSourcesBuildPhase section */
		241699921EE8F5E000BA1212 /* Sources */ = {
			isa = PBXSourcesBuildPhase;
			buildActionMask = 2147483647;
			files = (
				2416999C1EE8F5E000BA1212 /* ViewController.swift in Sources */,
				2416999A1EE8F5E000BA1212 /* AppDelegate.swift in Sources */,
			);
			runOnlyForDeploymentPostprocessing = 0;
		};
/* End PBXSourcesBuildPhase section */

/* Begin PBXVariantGroup section */
		2416999F1EE8F5E000BA1212 /* Main.storyboard */ = {
			isa = PBXVariantGroup;
			children = (
				241699A01EE8F5E000BA1212 /* Base */,
			);
			name = Main.storyboard;
			sourceTree = "<group>";
		};
/* End PBXVariantGroup section */

/* Begin XCBuildConfiguration section */
		241699A31EE8F5E000BA1212 /* Debug */ = {
			isa = XCBuildConfiguration;
			buildSettings = {
				ALWAYS_SEARCH_USER_PATHS = NO;
				CLANG_ANALYZER_NONNULL = YES;
				CLANG_ANALYZER_NUMBER_OBJECT_CONVERSION = YES_AGGRESSIVE;
				CLANG_CXX_LANGUAGE_STANDARD = "gnu++0x";
				CLANG_CXX_LIBRARY = "libc++";
				CLANG_ENABLE_MODULES = YES;
				CLANG_ENABLE_OBJC_ARC = YES;
				CLANG_WARN_BOOL_CONVERSION = YES;
				CLANG_WARN_CONSTANT_CONVERSION = YES;
				CLANG_WARN_DIRECT_OBJC_ISA_USAGE = YES_ERROR;
				CLANG_WARN_DOCUMENTATION_COMMENTS = YES;
				CLANG_WARN_EMPTY_BODY = YES;
				CLANG_WARN_ENUM_CONVERSION = YES;
				CLANG_WARN_INFINITE_RECURSION = YES;
				CLANG_WARN_INT_CONVERSION = YES;
				CLANG_WARN_OBJC_ROOT_CLASS = YES_ERROR;
				CLANG_WARN_SUSPICIOUS_MOVE = YES;
				CLANG_WARN_UNREACHABLE_CODE = YES;
				CLANG_WARN__DUPLICATE_METHOD_MATCH = YES;
				CODE_SIGN_IDENTITY = "-";
				COPY_PHASE_STRIP = NO;
				DEBUG_INFORMATION_FORMAT = dwarf;
				ENABLE_STRICT_OBJC_MSGSEND = YES;
				ENABLE_TESTABILITY = YES;
				GCC_C_LANGUAGE_STANDARD = gnu99;
				GCC_DYNAMIC_NO_PIC = NO;
				GCC_NO_COMMON_BLOCKS = YES;
				GCC_OPTIMIZATION_LEVEL = 0;
				GCC_PREPROCESSOR_DEFINITIONS = (
					"DEBUG=1",
					"$(inherited)",
				);
				GCC_WARN_64_TO_32_BIT_CONVERSION = YES;
				GCC_WARN_ABOUT_RETURN_TYPE = YES_ERROR;
				GCC_WARN_UNDECLARED_SELECTOR = YES;
				GCC_WARN_UNINITIALIZED_AUTOS = YES_AGGRESSIVE;
				GCC_WARN_UNUSED_FUNCTION = YES;
				GCC_WARN_UNUSED_VARIABLE = YES;
				MACOSX_DEPLOYMENT_TARGET = 10.12;
				MTL_ENABLE_DEBUG_INFO = YES;
				ONLY_ACTIVE_ARCH = YES;
				SDKROOT = macosx;
				SWIFT_ACTIVE_COMPILATION_CONDITIONS = DEBUG;
				SWIFT_OPTIMIZATION_LEVEL = "-Onone";
			};
			name = Debug;
		};
		241699A41EE8F5E000BA1212 /* Release */ = {
			isa = XCBuildConfiguration;
			buildSettings = {
				ALWAYS_SEARCH_USER_PATHS = NO;
				CLANG_ANALYZER_NONNULL = YES;
				CLANG_ANALYZER_NUMBER_OBJECT_CONVERSION = YES_AGGRESSIVE;
				CLANG_CXX_LANGUAGE_STANDARD = "gnu++0x";
				CLANG_CXX_LIBRARY = "libc++";
				CLANG_ENABLE_MODULES = YES;
				CLANG_ENABLE_OBJC_ARC = YES;
				CLANG_WARN_BOOL_CONVERSION = YES;
				CLANG_WARN_CONSTANT_CONVERSION = YES;
				CLANG_WARN_DIRECT_OBJC_ISA_USAGE = YES_ERROR;
				CLANG_WARN_DOCUMENTATION_COMMENTS = YES;
				CLANG_WARN_EMPTY_BODY = YES;
				CLANG_WARN_ENUM_CONVERSION = YES;
				CLANG_WARN_INFINITE_RECURSION = YES;
				CLANG_WARN_INT_CONVERSION = YES;
				CLANG_WARN_OBJC_ROOT_CLASS = YES_ERROR;
				CLANG_WARN_SUSPICIOUS_MOVE = YES;
				CLANG_WARN_UNREACHABLE_CODE = YES;
				CLANG_WARN__DUPLICATE_METHOD_MATCH = YES;
				CODE_SIGN_IDENTITY = "-";
				COPY_PHASE_STRIP = NO;
				DEBUG_INFORMATION_FORMAT = "dwarf-with-dsym";
				ENABLE_NS_ASSERTIONS = NO;
				ENABLE_STRICT_OBJC_MSGSEND = YES;
				GCC_C_LANGUAGE_STANDARD = gnu99;
				GCC_NO_COMMON_BLOCKS = YES;
				GCC_WARN_64_TO_32_BIT_CONVERSION = YES;
				GCC_WARN_ABOUT_RETURN_TYPE = YES_ERROR;
				GCC_WARN_UNDECLARED_SELECTOR = YES;
				GCC_WARN_UNINITIALIZED_AUTOS = YES_AGGRESSIVE;
				GCC_WARN_UNUSED_FUNCTION = YES;
				GCC_WARN_UNUSED_VARIABLE = YES;
				MACOSX_DEPLOYMENT_TARGET = 10.12;
				MTL_ENABLE_DEBUG_INFO = NO;
				SDKROOT = macosx;
				SWIFT_OPTIMIZATION_LEVEL = "-Owholemodule";
			};
			name = Release;
		};
		241699A61EE8F5E000BA1212 /* Debug */ = {
			isa = XCBuildConfiguration;
			buildSettings = {
				ASSETCATALOG_COMPILER_APPICON_NAME = AppIcon;
				COMBINE_HIDPI_IMAGES = YES;
				DEVELOPMENT_TEAM = 9SBQB28QCU;
				INFOPLIST_FILE = "Spotify Notification/Info.plist";
				LD_RUNPATH_SEARCH_PATHS = "$(inherited) @executable_path/../Frameworks";
				PRODUCT_BUNDLE_IDENTIFIER = "com.marcostimm.spotify.Spotify-Notification";
				PRODUCT_NAME = "$(TARGET_NAME)";
				SWIFT_VERSION = 3.0;
			};
			name = Debug;
		};
		241699A71EE8F5E000BA1212 /* Release */ = {
			isa = XCBuildConfiguration;
			buildSettings = {
				ASSETCATALOG_COMPILER_APPICON_NAME = AppIcon;
				COMBINE_HIDPI_IMAGES = YES;
				DEVELOPMENT_TEAM = 9SBQB28QCU;
				INFOPLIST_FILE = "Spotify Notification/Info.plist";
				LD_RUNPATH_SEARCH_PATHS = "$(inherited) @executable_path/../Frameworks";
				PRODUCT_BUNDLE_IDENTIFIER = "com.marcostimm.spotify.Spotify-Notification";
				PRODUCT_NAME = "$(TARGET_NAME)";
				SWIFT_VERSION = 3.0;
			};
			name = Release;
		};
/* End XCBuildConfiguration section */

/* Begin XCConfigurationList section */
		241699911EE8F5E000BA1212 /* Build configuration list for PBXProject "Spotify Notification" */ = {
			isa = XCConfigurationList;
			buildConfigurations = (
				241699A31EE8F5E000BA1212 /* Debug */,
				241699A41EE8F5E000BA1212 /* Release */,
			);
			defaultConfigurationIsVisible = 0;
			defaultConfigurationName = Release;
		};
		241699A51EE8F5E000BA1212 /* Build configuration list for PBXNativeTarget "Spotify Notification" */ = {
			isa = XCConfigurationList;
			buildConfigurations = (
				241699A61EE8F5E000BA1212 /* Debug */,
				241699A71EE8F5E000BA1212 /* Release */,
			);
			defaultConfigurationIsVisible = 0;
		};
/* End XCConfigurationList section */
	};
	rootObject = 2416998E1EE8F5E000BA1212 /* Project object */;
}
